<?xml version="1.0" encoding="UTF-8"?>
<Project ToolsVersion="14.0" xmlns="http://schemas.microsoft.com/developer/msbuild/2003">
  <ItemGroup>
    <CustomBuild Include="E:\src\Courses\SDC\Term 2\sdc-kalman-filters\products\cmake.msbuild.windows.x86.v140\CMakeFiles\17ec25ca5a86bc558f9c9d19451de9ce\generate.stamp.rule">
      <Filter>CMake Rules</Filter>
    </CustomBuild>
  </ItemGroup>
  <ItemGroup>
    <Filter Include="CMake Rules">
      <UniqueIdentifier>{008E5D5D-B254-3E20-837C-544A1FD58BA3}</UniqueIdentifier>
    </Filter>
  </ItemGroup>
</Project>
